
Microsoft Visual Studio Solution File, Format Version 12.00
# Visual Studio Version 17
VisualStudioVersion = 17.1.32414.318
MinimumVisualStudioVersion = 10.0.40219.1
Project("{FAE04EC0-301F-11D3-BF4B-00C04F79EFBC}") = "lab3", "lab3.csproj", "{CDD4F595-0E8E-4726-A4C0-567592467A1E}"
EndProject
Global
	GlobalSection(SolutionConfigurationPlatforms) = preSolution
		Debug|x86 = Debug|x86
		Release|x86 = Release|x86
	EndGlobalSection
	GlobalSection(ProjectConfigurationPlatforms) = postSolution
		{CDD4F595-0E8E-4726-A4C0-567592467A1E}.Debug|x86.ActiveCfg = Debug|x86
		{CDD4F595-0E8E-4726-A4C0-567592467A1E}.Debug|x86.Build.0 = Debug|x86
		{CDD4F595-0E8E-4726-A4C0-567592467A1E}.Release|x86.ActiveCfg = Release|x86
		{CDD4F595-0E8E-4726-A4C0-567592467A1E}.Release|x86.Build.0 = Release|x86
	EndGlobalSection
	GlobalSection(SolutionProperties) = preSolution
		HideSolutionNode = FALSE
	EndGlobalSection
	GlobalSection(ExtensibilityGlobals) = postSolution
		SolutionGuid = {29065EC7-58AC-43CA-A054-0B254039166C}
	EndGlobalSection
EndGlobal
